Microsoft Visual Studio Solution File, Format Version 12.00
# Visual Studio Version 17
VisualStudioVersion = 17.2.32210.308
MinimumVisualStudioVersion = 15.0.26124.0

Project("{2150E333-8FDC-42A3-9474-1A3956D46DE8}") = "Source", "Source", "{5CEEE5D2-CA9C-4F71-B74F-2BC6C1081730}"
EndProject
Project("{2150E333-8FDC-42A3-9474-1A3956D46DE8}") = "Tests", "Tests", "{79F14E9F-98DE-4DAB-9E05-540F341F390E}"
EndProject
Project("{9A19103F-16F7-4668-BE54-9A1E7A4F7556}") = "BinaryStars", "BinaryStars\BinaryStars.csproj", "{C7311227-B6D4-4102-AAB1-A4DBF07D3425}"
EndProject
Project("{9A19103F-16F7-4668-BE54-9A1E7A4F7556}") = "BinaryStars.Server", "BinaryStars.Server\BinaryStars.Server.csproj", "{2A7E4D31-3B49-4356-9D64-2F2B73DA0F7C}"
EndProject
Project("{9A19103F-16F7-4668-BE54-9A1E7A4F7556}") = "BinaryStars.DataContracts", "BinaryStars.DataContracts\BinaryStars.DataContracts.csproj", "{DAE32A29-E18B-40F6-BE0C-6F2BCAF1AE48}"
EndProject
Project("{9A19103F-16F7-4668-BE54-9A1E7A4F7556}") = "BinaryStars.Tests", "BinaryStars.Tests\BinaryStars.Tests.csproj", "{374C4C6A-0CE6-4723-A5A0-D438FCEC8667}"
EndProject

Project("{2150E333-8FDC-42A3-9474-1A3956D46DE8}") = "Solution Items", "Solution Items", "{BADA71DC-7FFD-4EDC-9F28-FB74AEADC713}"
	ProjectSection(SolutionItems) = preProject
		.editorconfig = .editorconfig
		.gitignore = .gitignore
		.vsconfig = .vsconfig
		Directory.Build.props = Directory.Build.props
		Directory.Build.targets = Directory.Build.targets
		Directory.Packages.props = Directory.Packages.props
		global.json = global.json
	EndProjectSection
EndProject
Global
	GlobalSection(SolutionConfigurationPlatforms) = preSolution
		Debug|Any CPU = Debug|Any CPU
		Debug|ARM = Debug|ARM
		Debug|ARM64 = Debug|ARM64
		Debug|iPhone = Debug|iPhone
		Debug|iPhoneSimulator = Debug|iPhoneSimulator
		Debug|x64 = Debug|x64
		Debug|x86 = Debug|x86
		Release|Any CPU = Release|Any CPU
		Release|ARM = Release|ARM
		Release|ARM64 = Release|ARM64
		Release|iPhone = Release|iPhone
		Release|iPhoneSimulator = Release|iPhoneSimulator
		Release|x64 = Release|x64
		Release|x86 = Release|x86
	EndGlobalSection
	GlobalSection(ProjectConfigurationPlatforms) = postSolution
		{2A7E4D31-3B49-4356-9D64-2F2B73DA0F7C}.Debug|Any CPU.ActiveCfg = Debug|Any CPU
		{2A7E4D31-3B49-4356-9D64-2F2B73DA0F7C}.Debug|Any CPU.Build.0 = Debug|Any CPU
		{2A7E4D31-3B49-4356-9D64-2F2B73DA0F7C}.Debug|ARM.ActiveCfg = Debug|Any CPU
		{2A7E4D31-3B49-4356-9D64-2F2B73DA0F7C}.Debug|ARM.Build.0 = Debug|Any CPU
		{2A7E4D31-3B49-4356-9D64-2F2B73DA0F7C}.Debug|ARM64.ActiveCfg = Debug|Any CPU
		{2A7E4D31-3B49-4356-9D64-2F2B73DA0F7C}.Debug|ARM64.Build.0 = Debug|Any CPU
		{2A7E4D31-3B49-4356-9D64-2F2B73DA0F7C}.Debug|iPhone.ActiveCfg = Debug|Any CPU
		{2A7E4D31-3B49-4356-9D64-2F2B73DA0F7C}.Debug|iPhone.Build.0 = Debug|Any CPU
		{2A7E4D31-3B49-4356-9D64-2F2B73DA0F7C}.Debug|iPhoneSimulator.ActiveCfg = Debug|Any CPU
		{2A7E4D31-3B49-4356-9D64-2F2B73DA0F7C}.Debug|iPhoneSimulator.Build.0 = Debug|Any CPU
		{2A7E4D31-3B49-4356-9D64-2F2B73DA0F7C}.Debug|x64.ActiveCfg = Debug|Any CPU
		{2A7E4D31-3B49-4356-9D64-2F2B73DA0F7C}.Debug|x64.Build.0 = Debug|Any CPU
		{2A7E4D31-3B49-4356-9D64-2F2B73DA0F7C}.Debug|x86.ActiveCfg = Debug|Any CPU
		{2A7E4D31-3B49-4356-9D64-2F2B73DA0F7C}.Debug|x86.Build.0 = Debug|Any CPU
		{2A7E4D31-3B49-4356-9D64-2F2B73DA0F7C}.Release|Any CPU.ActiveCfg = Release|Any CPU
		{2A7E4D31-3B49-4356-9D64-2F2B73DA0F7C}.Release|Any CPU.Build.0 = Release|Any CPU
		{2A7E4D31-3B49-4356-9D64-2F2B73DA0F7C}.Release|ARM.ActiveCfg = Release|Any CPU
		{2A7E4D31-3B49-4356-9D64-2F2B73DA0F7C}.Release|ARM.Build.0 = Release|Any CPU
		{2A7E4D31-3B49-4356-9D64-2F2B73DA0F7C}.Release|ARM64.ActiveCfg = Release|Any CPU
		{2A7E4D31-3B49-4356-9D64-2F2B73DA0F7C}.Release|ARM64.Build.0 = Release|Any CPU
		{2A7E4D31-3B49-4356-9D64-2F2B73DA0F7C}.Release|iPhone.ActiveCfg = Release|Any CPU
		{2A7E4D31-3B49-4356-9D64-2F2B73DA0F7C}.Release|iPhone.Build.0 = Release|Any CPU
		{2A7E4D31-3B49-4356-9D64-2F2B73DA0F7C}.Release|iPhoneSimulator.ActiveCfg = Release|Any CPU
		{2A7E4D31-3B49-4356-9D64-2F2B73DA0F7C}.Release|iPhoneSimulator.Build.0 = Release|Any CPU
		{2A7E4D31-3B49-4356-9D64-2F2B73DA0F7C}.Release|x64.ActiveCfg = Release|Any CPU
		{2A7E4D31-3B49-4356-9D64-2F2B73DA0F7C}.Release|x64.Build.0 = Release|Any CPU
		{2A7E4D31-3B49-4356-9D64-2F2B73DA0F7C}.Release|x86.ActiveCfg = Release|Any CPU
		{2A7E4D31-3B49-4356-9D64-2F2B73DA0F7C}.Release|x86.Build.0 = Release|Any CPU
		{DAE32A29-E18B-40F6-BE0C-6F2BCAF1AE48}.Debug|Any CPU.ActiveCfg = Debug|Any CPU
		{DAE32A29-E18B-40F6-BE0C-6F2BCAF1AE48}.Debug|Any CPU.Build.0 = Debug|Any CPU
		{DAE32A29-E18B-40F6-BE0C-6F2BCAF1AE48}.Debug|ARM.ActiveCfg = Debug|Any CPU
		{DAE32A29-E18B-40F6-BE0C-6F2BCAF1AE48}.Debug|ARM.Build.0 = Debug|Any CPU
		{DAE32A29-E18B-40F6-BE0C-6F2BCAF1AE48}.Debug|ARM64.ActiveCfg = Debug|Any CPU
		{DAE32A29-E18B-40F6-BE0C-6F2BCAF1AE48}.Debug|ARM64.Build.0 = Debug|Any CPU
		{DAE32A29-E18B-40F6-BE0C-6F2BCAF1AE48}.Debug|iPhone.ActiveCfg = Debug|Any CPU
		{DAE32A29-E18B-40F6-BE0C-6F2BCAF1AE48}.Debug|iPhone.Build.0 = Debug|Any CPU
		{DAE32A29-E18B-40F6-BE0C-6F2BCAF1AE48}.Debug|iPhoneSimulator.ActiveCfg = Debug|Any CPU
		{DAE32A29-E18B-40F6-BE0C-6F2BCAF1AE48}.Debug|iPhoneSimulator.Build.0 = Debug|Any CPU
		{DAE32A29-E18B-40F6-BE0C-6F2BCAF1AE48}.Debug|x64.ActiveCfg = Debug|Any CPU
		{DAE32A29-E18B-40F6-BE0C-6F2BCAF1AE48}.Debug|x64.Build.0 = Debug|Any CPU
		{DAE32A29-E18B-40F6-BE0C-6F2BCAF1AE48}.Debug|x86.ActiveCfg = Debug|Any CPU
		{DAE32A29-E18B-40F6-BE0C-6F2BCAF1AE48}.Debug|x86.Build.0 = Debug|Any CPU
		{DAE32A29-E18B-40F6-BE0C-6F2BCAF1AE48}.Release|Any CPU.ActiveCfg = Release|Any CPU
		{DAE32A29-E18B-40F6-BE0C-6F2BCAF1AE48}.Release|Any CPU.Build.0 = Release|Any CPU
		{DAE32A29-E18B-40F6-BE0C-6F2BCAF1AE48}.Release|ARM.ActiveCfg = Release|Any CPU
		{DAE32A29-E18B-40F6-BE0C-6F2BCAF1AE48}.Release|ARM.Build.0 = Release|Any CPU
		{DAE32A29-E18B-40F6-BE0C-6F2BCAF1AE48}.Release|ARM64.ActiveCfg = Release|Any CPU
		{DAE32A29-E18B-40F6-BE0C-6F2BCAF1AE48}.Release|ARM64.Build.0 = Release|Any CPU
		{DAE32A29-E18B-40F6-BE0C-6F2BCAF1AE48}.Release|iPhone.ActiveCfg = Release|Any CPU
		{DAE32A29-E18B-40F6-BE0C-6F2BCAF1AE48}.Release|iPhone.Build.0 = Release|Any CPU
		{DAE32A29-E18B-40F6-BE0C-6F2BCAF1AE48}.Release|iPhoneSimulator.ActiveCfg = Release|Any CPU
		{DAE32A29-E18B-40F6-BE0C-6F2BCAF1AE48}.Release|iPhoneSimulator.Build.0 = Release|Any CPU
		{DAE32A29-E18B-40F6-BE0C-6F2BCAF1AE48}.Release|x64.ActiveCfg = Release|Any CPU
		{DAE32A29-E18B-40F6-BE0C-6F2BCAF1AE48}.Release|x64.Build.0 = Release|Any CPU
		{DAE32A29-E18B-40F6-BE0C-6F2BCAF1AE48}.Release|x86.ActiveCfg = Release|Any CPU
		{DAE32A29-E18B-40F6-BE0C-6F2BCAF1AE48}.Release|x86.Build.0 = Release|Any CPU
		{C7311227-B6D4-4102-AAB1-A4DBF07D3425}.Debug|Any CPU.ActiveCfg = Debug|Any CPU
		{C7311227-B6D4-4102-AAB1-A4DBF07D3425}.Debug|Any CPU.Build.0 = Debug|Any CPU
		{C7311227-B6D4-4102-AAB1-A4DBF07D3425}.Debug|Any CPU.Deploy.0 = Debug|Any CPU
		{C7311227-B6D4-4102-AAB1-A4DBF07D3425}.Debug|ARM.ActiveCfg = Debug|Any CPU
		{C7311227-B6D4-4102-AAB1-A4DBF07D3425}.Debug|ARM.Build.0 = Debug|Any CPU
		{C7311227-B6D4-4102-AAB1-A4DBF07D3425}.Debug|ARM.Deploy.0 = Debug|Any CPU
		{C7311227-B6D4-4102-AAB1-A4DBF07D3425}.Debug|ARM64.ActiveCfg = Debug|Any CPU
		{C7311227-B6D4-4102-AAB1-A4DBF07D3425}.Debug|ARM64.Build.0 = Debug|Any CPU
		{C7311227-B6D4-4102-AAB1-A4DBF07D3425}.Debug|ARM64.Deploy.0 = Debug|Any CPU
		{C7311227-B6D4-4102-AAB1-A4DBF07D3425}.Debug|iPhone.ActiveCfg = Debug|Any CPU
		{C7311227-B6D4-4102-AAB1-A4DBF07D3425}.Debug|iPhone.Build.0 = Debug|Any CPU
		{C7311227-B6D4-4102-AAB1-A4DBF07D3425}.Debug|iPhone.Deploy.0 = Debug|Any CPU
		{C7311227-B6D4-4102-AAB1-A4DBF07D3425}.Debug|iPhoneSimulator.ActiveCfg = Debug|Any CPU
		{C7311227-B6D4-4102-AAB1-A4DBF07D3425}.Debug|iPhoneSimulator.Build.0 = Debug|Any CPU
		{C7311227-B6D4-4102-AAB1-A4DBF07D3425}.Debug|iPhoneSimulator.Deploy.0 = Debug|Any CPU
		{C7311227-B6D4-4102-AAB1-A4DBF07D3425}.Debug|x64.ActiveCfg = Debug|Any CPU
		{C7311227-B6D4-4102-AAB1-A4DBF07D3425}.Debug|x64.Build.0 = Debug|Any CPU
		{C7311227-B6D4-4102-AAB1-A4DBF07D3425}.Debug|x64.Deploy.0 = Debug|Any CPU
		{C7311227-B6D4-4102-AAB1-A4DBF07D3425}.Debug|x86.ActiveCfg = Debug|Any CPU
		{C7311227-B6D4-4102-AAB1-A4DBF07D3425}.Debug|x86.Build.0 = Debug|Any CPU
		{C7311227-B6D4-4102-AAB1-A4DBF07D3425}.Debug|x86.Deploy.0 = Debug|Any CPU
		{C7311227-B6D4-4102-AAB1-A4DBF07D3425}.Release|Any CPU.ActiveCfg = Release|Any CPU
		{C7311227-B6D4-4102-AAB1-A4DBF07D3425}.Release|Any CPU.Build.0 = Release|Any CPU
		{C7311227-B6D4-4102-AAB1-A4DBF07D3425}.Release|Any CPU.Deploy.0 = Release|Any CPU
		{C7311227-B6D4-4102-AAB1-A4DBF07D3425}.Release|ARM.ActiveCfg = Release|Any CPU
		{C7311227-B6D4-4102-AAB1-A4DBF07D3425}.Release|ARM.Build.0 = Release|Any CPU
		{C7311227-B6D4-4102-AAB1-A4DBF07D3425}.Release|ARM.Deploy.0 = Release|Any CPU
		{C7311227-B6D4-4102-AAB1-A4DBF07D3425}.Release|ARM64.ActiveCfg = Release|Any CPU
		{C7311227-B6D4-4102-AAB1-A4DBF07D3425}.Release|ARM64.Build.0 = Release|Any CPU
		{C7311227-B6D4-4102-AAB1-A4DBF07D3425}.Release|ARM64.Deploy.0 = Release|Any CPU
		{C7311227-B6D4-4102-AAB1-A4DBF07D3425}.Release|iPhone.ActiveCfg = Release|Any CPU
		{C7311227-B6D4-4102-AAB1-A4DBF07D3425}.Release|iPhone.Build.0 = Release|Any CPU
		{C7311227-B6D4-4102-AAB1-A4DBF07D3425}.Release|iPhone.Deploy.0 = Release|Any CPU
		{C7311227-B6D4-4102-AAB1-A4DBF07D3425}.Release|iPhoneSimulator.ActiveCfg = Release|Any CPU
		{C7311227-B6D4-4102-AAB1-A4DBF07D3425}.Release|iPhoneSimulator.Build.0 = Release|Any CPU
		{C7311227-B6D4-4102-AAB1-A4DBF07D3425}.Release|iPhoneSimulator.Deploy.0 = Release|Any CPU
		{C7311227-B6D4-4102-AAB1-A4DBF07D3425}.Release|x64.ActiveCfg = Release|Any CPU
		{C7311227-B6D4-4102-AAB1-A4DBF07D3425}.Release|x64.Build.0 = Release|Any CPU
		{C7311227-B6D4-4102-AAB1-A4DBF07D3425}.Release|x64.Deploy.0 = Release|Any CPU
		{C7311227-B6D4-4102-AAB1-A4DBF07D3425}.Release|x86.ActiveCfg = Release|Any CPU
		{C7311227-B6D4-4102-AAB1-A4DBF07D3425}.Release|x86.Build.0 = Release|Any CPU
		{C7311227-B6D4-4102-AAB1-A4DBF07D3425}.Release|x86.Deploy.0 = Release|Any CPU
		{374C4C6A-0CE6-4723-A5A0-D438FCEC8667}.Debug|Any CPU.ActiveCfg = Debug|Any CPU
		{374C4C6A-0CE6-4723-A5A0-D438FCEC8667}.Debug|Any CPU.Build.0 = Debug|Any CPU
		{374C4C6A-0CE6-4723-A5A0-D438FCEC8667}.Debug|ARM.ActiveCfg = Debug|Any CPU
		{374C4C6A-0CE6-4723-A5A0-D438FCEC8667}.Debug|ARM.Build.0 = Debug|Any CPU
		{374C4C6A-0CE6-4723-A5A0-D438FCEC8667}.Debug|ARM64.ActiveCfg = Debug|Any CPU
		{374C4C6A-0CE6-4723-A5A0-D438FCEC8667}.Debug|ARM64.Build.0 = Debug|Any CPU
		{374C4C6A-0CE6-4723-A5A0-D438FCEC8667}.Debug|iPhone.ActiveCfg = Debug|Any CPU
		{374C4C6A-0CE6-4723-A5A0-D438FCEC8667}.Debug|iPhone.Build.0 = Debug|Any CPU
		{374C4C6A-0CE6-4723-A5A0-D438FCEC8667}.Debug|iPhoneSimulator.ActiveCfg = Debug|Any CPU
		{374C4C6A-0CE6-4723-A5A0-D438FCEC8667}.Debug|iPhoneSimulator.Build.0 = Debug|Any CPU
		{374C4C6A-0CE6-4723-A5A0-D438FCEC8667}.Debug|x64.ActiveCfg = Debug|Any CPU
		{374C4C6A-0CE6-4723-A5A0-D438FCEC8667}.Debug|x64.Build.0 = Debug|Any CPU
		{374C4C6A-0CE6-4723-A5A0-D438FCEC8667}.Debug|x86.ActiveCfg = Debug|Any CPU
		{374C4C6A-0CE6-4723-A5A0-D438FCEC8667}.Debug|x86.Build.0 = Debug|Any CPU
		{374C4C6A-0CE6-4723-A5A0-D438FCEC8667}.Release|Any CPU.ActiveCfg = Release|Any CPU
		{374C4C6A-0CE6-4723-A5A0-D438FCEC8667}.Release|Any CPU.Build.0 = Release|Any CPU
		{374C4C6A-0CE6-4723-A5A0-D438FCEC8667}.Release|ARM.ActiveCfg = Release|Any CPU
		{374C4C6A-0CE6-4723-A5A0-D438FCEC8667}.Release|ARM.Build.0 = Release|Any CPU
		{374C4C6A-0CE6-4723-A5A0-D438FCEC8667}.Release|ARM64.ActiveCfg = Release|Any CPU
		{374C4C6A-0CE6-4723-A5A0-D438FCEC8667}.Release|ARM64.Build.0 = Release|Any CPU
		{374C4C6A-0CE6-4723-A5A0-D438FCEC8667}.Release|iPhone.ActiveCfg = Release|Any CPU
		{374C4C6A-0CE6-4723-A5A0-D438FCEC8667}.Release|iPhone.Build.0 = Release|Any CPU
		{374C4C6A-0CE6-4723-A5A0-D438FCEC8667}.Release|iPhoneSimulator.ActiveCfg = Release|Any CPU
		{374C4C6A-0CE6-4723-A5A0-D438FCEC8667}.Release|iPhoneSimulator.Build.0 = Release|Any CPU
		{374C4C6A-0CE6-4723-A5A0-D438FCEC8667}.Release|x64.ActiveCfg = Release|Any CPU
		{374C4C6A-0CE6-4723-A5A0-D438FCEC8667}.Release|x64.Build.0 = Release|Any CPU
		{374C4C6A-0CE6-4723-A5A0-D438FCEC8667}.Release|x86.ActiveCfg = Release|Any CPU
		{374C4C6A-0CE6-4723-A5A0-D438FCEC8667}.Release|x86.Build.0 = Release|Any CPU
	EndGlobalSection
	GlobalSection(SolutionProperties) = preSolution
		HideSolutionNode = FALSE
	EndGlobalSection
	GlobalSection(NestedProjects) = preSolution
		{C7311227-B6D4-4102-AAB1-A4DBF07D3425} = {5CEEE5D2-CA9C-4F71-B74F-2BC6C1081730}
		{DAE32A29-E18B-40F6-BE0C-6F2BCAF1AE48} = {5CEEE5D2-CA9C-4F71-B74F-2BC6C1081730}
		{2A7E4D31-3B49-4356-9D64-2F2B73DA0F7C} = {5CEEE5D2-CA9C-4F71-B74F-2BC6C1081730}
		{374C4C6A-0CE6-4723-A5A0-D438FCEC8667} = {79F14E9F-98DE-4DAB-9E05-540F341F390E}
	EndGlobalSection
	GlobalSection(ExtensibilityGlobals) = postSolution
		SolutionGuid = {CCD92D35-7F00-4230-B8BC-9D8D9CCD0B42}
	EndGlobalSection
EndGlobal
