
Microsoft Visual Studio Solution File, Format Version 12.00
Project("{FAE04EC0-301F-11D3-BF4B-00C04F79EFBC}") = "SysColab", "SysColab\SysColab.csproj", "{A699DE77-0B42-404F-9FD6-56DFAF3C1E7C}"
EndProject
Global
	GlobalSection(SolutionConfigurationPlatforms) = preSolution
		Debug|Any CPU = Debug|Any CPU
		Release|Any CPU = Release|Any CPU
	EndGlobalSection
	GlobalSection(ProjectConfigurationPlatforms) = postSolution
		{A699DE77-0B42-404F-9FD6-56DFAF3C1E7C}.Debug|Any CPU.ActiveCfg = Debug|Any CPU
		{A699DE77-0B42-404F-9FD6-56DFAF3C1E7C}.Debug|Any CPU.Build.0 = Debug|Any CPU
		{A699DE77-0B42-404F-9FD6-56DFAF3C1E7C}.Release|Any CPU.ActiveCfg = Release|Any CPU
		{A699DE77-0B42-404F-9FD6-56DFAF3C1E7C}.Release|Any CPU.Build.0 = Release|Any CPU
	EndGlobalSection
EndGlobal
