Microsoft Visual Studio Solution File, Format Version 12.00
# Visual Studio Version 17
VisualStudioVersion = 17.5.2.0
MinimumVisualStudioVersion = 10.0.40219.1
Project("{FAE04EC0-301F-11D3-BF4B-00C04F79EFBC}") = "BinaryStars.Domain", "BinaryStars.Domain.csproj", "{DA304159-DD25-F4BC-8BC3-03A04F277655}"
EndProject
Global
	GlobalSection(SolutionConfigurationPlatforms) = preSolution
		Debug|Any CPU = Debug|Any CPU
		Release|Any CPU = Release|Any CPU
	EndGlobalSection
	GlobalSection(ProjectConfigurationPlatforms) = postSolution
		{DA304159-DD25-F4BC-8BC3-03A04F277655}.Debug|Any CPU.ActiveCfg = Debug|Any CPU
		{DA304159-DD25-F4BC-8BC3-03A04F277655}.Debug|Any CPU.Build.0 = Debug|Any CPU
		{DA304159-DD25-F4BC-8BC3-03A04F277655}.Release|Any CPU.ActiveCfg = Release|Any CPU
		{DA304159-DD25-F4BC-8BC3-03A04F277655}.Release|Any CPU.Build.0 = Release|Any CPU
	EndGlobalSection
	GlobalSection(SolutionProperties) = preSolution
		HideSolutionNode = FALSE
	EndGlobalSection
	GlobalSection(ExtensibilityGlobals) = postSolution
		SolutionGuid = {863A1BA0-D6AA-40BC-9252-873B6344BF3A}
	EndGlobalSection
EndGlobal
